{
  "version": 4,
  "terraform_version": "1.5.7",
  "serial": 3,
  "lineage": "1715aa6f-dbe5-5b14-1286-53b5a80f5e5f",
  "outputs": {},
  "resources": [
    {
      "module": "module.test_scope",
      "mode": "managed",
      "type": "keycloak_openid_client_scope",
      "name": "scope",
      "provider": "provider[\"registry.terraform.io/keycloak/keycloak\"]",
      "instances": [
        {
          "schema_version": 0,
          "attributes": {
            "consent_screen_text": null,
            "description": "Test scope created by Terraform to verify credentials",
            "gui_order": null,
            "id": "6be8425a-d7fb-4bbc-a401-880e607ef6b2",
            "include_in_token_scope": true,
            "name": "terraform-test-scope",
            "realm_id": "cf-weather"
          },
          "sensitive_attributes": [],
          "private": "bnVsbA=="
        }
      ]
    }
  ],
  "check_results": null
}
